{
  "pins" : [
    {
      "identity" : "alamofire",
      "kind" : "remoteSourceControl",
      "location" : "https://github.com/Alamofire/Alamofire.git",
      "state" : {
        "revision" : "d120af1e8638c7da36c8481fd61a66c0c08dc4fc",
        "version" : "5.4.4"
      }
    },
    {
      "identity" : "anycodable",
      "kind" : "remoteSourceControl",
      "location" : "https://github.com/Flight-School/AnyCodable.git",
      "state" : {
        "revision" : "3e38cd6f639e4919d2d6735ac505412a051a3d28",
        "version" : "0.4.1"
      }
    },
    {
      "identity" : "openai",
      "kind" : "remoteSourceControl",
      "location" : "https://github.com/stormychel/OpenAI",
      "state" : {
        "branch" : "main",
        "revision" : "e473b4c47f99280e14d5eedbe4ced9c19678ff6d"
      }
    }
  ],
  "version" : 2
}
