// !$*UTF8*$!
{
	archiveVersion = 1;
	classes = {
	};
	objectVersion = 56;
	objects = {

/* Begin PBXBuildFile section */
		ED9763B129534AB10078EB5E /* OpenAI_PlaygroundApp.swift in Sources */ = {isa = PBXBuildFile; fileRef = ED9763B029534AB10078EB5E /* OpenAI_PlaygroundApp.swift */; };
		ED9763B329534AB10078EB5E /* Persistence.swift in Sources */ = {isa = PBXBuildFile; fileRef = ED9763B229534AB10078EB5E /* Persistence.swift */; };
		ED9763B629534AB10078EB5E /* OpenAI_Playground.xcdatamodeld in Sources */ = {isa = PBXBuildFile; fileRef = ED9763B429534AB10078EB5E /* OpenAI_Playground.xcdatamodeld */; };
		ED9763B829534AB10078EB5E /* ContentView.swift in Sources */ = {isa = PBXBuildFile; fileRef = ED9763B729534AB10078EB5E /* ContentView.swift */; };
		ED9763BA29534AB40078EB5E /* Assets.xcassets in Resources */ = {isa = PBXBuildFile; fileRef = ED9763B929534AB40078EB5E /* Assets.xcassets */; };
		ED9763BE29534AB40078EB5E /* Preview Assets.xcassets in Resources */ = {isa = PBXBuildFile; fileRef = ED9763BD29534AB40078EB5E /* Preview Assets.xcassets */; };
		ED9763C829534AB40078EB5E /* OpenAI_PlaygroundTests.swift in Sources */ = {isa = PBXBuildFile; fileRef = ED9763C729534AB40078EB5E /* OpenAI_PlaygroundTests.swift */; };
		ED9763D229534AB40078EB5E /* OpenAI_PlaygroundUITests.swift in Sources */ = {isa = PBXBuildFile; fileRef = ED9763D129534AB40078EB5E /* OpenAI_PlaygroundUITests.swift */; };
		ED9763D429534AB40078EB5E /* OpenAI_PlaygroundUITestsLaunchTests.swift in Sources */ = {isa = PBXBuildFile; fileRef = ED9763D329534AB40078EB5E /* OpenAI_PlaygroundUITestsLaunchTests.swift */; };
		ED9763E2295351650078EB5E /* OpenAI in Frameworks */ = {isa = PBXBuildFile; productRef = ED9763E1295351650078EB5E /* OpenAI */; };
/* End PBXBuildFile section */

/* Begin PBXContainerItemProxy section */
		ED9763C429534AB40078EB5E /* PBXContainerItemProxy */ = {
			isa = PBXContainerItemProxy;
			containerPortal = ED9763A529534AB10078EB5E /* Project object */;
			proxyType = 1;
			remoteGlobalIDString = ED9763AC29534AB10078EB5E;
			remoteInfo = "OpenAI Playground";
		};
		ED9763CE29534AB40078EB5E /* PBXContainerItemProxy */ = {
			isa = PBXContainerItemProxy;
			containerPortal = ED9763A529534AB10078EB5E /* Project object */;
			proxyType = 1;
			remoteGlobalIDString = ED9763AC29534AB10078EB5E;
			remoteInfo = "OpenAI Playground";
		};
/* End PBXContainerItemProxy section */

/* Begin PBXFileReference section */
		ED9763AD29534AB10078EB5E /* OpenAI Playground.app */ = {isa = PBXFileReference; explicitFileType = wrapper.application; includeInIndex = 0; path = "OpenAI Playground.app"; sourceTree = BUILT_PRODUCTS_DIR; };
		ED9763B029534AB10078EB5E /* OpenAI_PlaygroundApp.swift */ = {isa = PBXFileReference; lastKnownFileType = sourcecode.swift; path = OpenAI_PlaygroundApp.swift; sourceTree = "<group>"; };
		ED9763B229534AB10078EB5E /* Persistence.swift */ = {isa = PBXFileReference; lastKnownFileType = sourcecode.swift; path = Persistence.swift; sourceTree = "<group>"; };
		ED9763B529534AB10078EB5E /* OpenAI_Playground.xcdatamodel */ = {isa = PBXFileReference; lastKnownFileType = wrapper.xcdatamodel; path = OpenAI_Playground.xcdatamodel; sourceTree = "<group>"; };
		ED9763B729534AB10078EB5E /* ContentView.swift */ = {isa = PBXFileReference; lastKnownFileType = sourcecode.swift; path = ContentView.swift; sourceTree = "<group>"; };
		ED9763B929534AB40078EB5E /* Assets.xcassets */ = {isa = PBXFileReference; lastKnownFileType = folder.assetcatalog; path = Assets.xcassets; sourceTree = "<group>"; };
		ED9763BB29534AB40078EB5E /* OpenAI_Playground.entitlements */ = {isa = PBXFileReference; lastKnownFileType = text.plist.entitlements; path = OpenAI_Playground.entitlements; sourceTree = "<group>"; };
		ED9763BD29534AB40078EB5E /* Preview Assets.xcassets */ = {isa = PBXFileReference; lastKnownFileType = folder.assetcatalog; path = "Preview Assets.xcassets"; sourceTree = "<group>"; };
		ED9763C329534AB40078EB5E /* OpenAI PlaygroundTests.xctest */ = {isa = PBXFileReference; explicitFileType = wrapper.cfbundle; includeInIndex = 0; path = "OpenAI PlaygroundTests.xctest"; sourceTree = BUILT_PRODUCTS_DIR; };
		ED9763C729534AB40078EB5E /* OpenAI_PlaygroundTests.swift */ = {isa = PBXFileReference; lastKnownFileType = sourcecode.swift; path = OpenAI_PlaygroundTests.swift; sourceTree = "<group>"; };
		ED9763CD29534AB40078EB5E /* OpenAI PlaygroundUITests.xctest */ = {isa = PBXFileReference; explicitFileType = wrapper.cfbundle; includeInIndex = 0; path = "OpenAI PlaygroundUITests.xctest"; sourceTree = BUILT_PRODUCTS_DIR; };
		ED9763D129534AB40078EB5E /* OpenAI_PlaygroundUITests.swift */ = {isa = PBXFileReference; lastKnownFileType = sourcecode.swift; path = OpenAI_PlaygroundUITests.swift; sourceTree = "<group>"; };
		ED9763D329534AB40078EB5E /* OpenAI_PlaygroundUITestsLaunchTests.swift */ = {isa = PBXFileReference; lastKnownFileType = sourcecode.swift; path = OpenAI_PlaygroundUITestsLaunchTests.swift; sourceTree = "<group>"; };
/* End PBXFileReference section */

/* Begin PBXFrameworksBuildPhase section */
		ED9763AA29534AB10078EB5E /* Frameworks */ = {
			isa = PBXFrameworksBuildPhase;
			buildActionMask = 2147483647;
			files = (
				ED9763E2295351650078EB5E /* OpenAI in Frameworks */,
			);
			runOnlyForDeploymentPostprocessing = 0;
		};
		ED9763C029534AB40078EB5E /* Frameworks */ = {
			isa = PBXFrameworksBuildPhase;
			buildActionMask = 2147483647;
			files = (
			);
			runOnlyForDeploymentPostprocessing = 0;
		};
		ED9763CA29534AB40078EB5E /* Frameworks */ = {
			isa = PBXFrameworksBuildPhase;
			buildActionMask = 2147483647;
			files = (
			);
			runOnlyForDeploymentPostprocessing = 0;
		};
/* End PBXFrameworksBuildPhase section */

/* Begin PBXGroup section */
		ED9763A429534AB10078EB5E = {
			isa = PBXGroup;
			children = (
				ED9763AF29534AB10078EB5E /* OpenAI Playground */,
				ED9763C629534AB40078EB5E /* OpenAI PlaygroundTests */,
				ED9763D029534AB40078EB5E /* OpenAI PlaygroundUITests */,
				ED9763AE29534AB10078EB5E /* Products */,
			);
			sourceTree = "<group>";
		};
		ED9763AE29534AB10078EB5E /* Products */ = {
			isa = PBXGroup;
			children = (
				ED9763AD29534AB10078EB5E /* OpenAI Playground.app */,
				ED9763C329534AB40078EB5E /* OpenAI PlaygroundTests.xctest */,
				ED9763CD29534AB40078EB5E /* OpenAI PlaygroundUITests.xctest */,
			);
			name = Products;
			sourceTree = "<group>";
		};
		ED9763AF29534AB10078EB5E /* OpenAI Playground */ = {
			isa = PBXGroup;
			children = (
				ED9763B029534AB10078EB5E /* OpenAI_PlaygroundApp.swift */,
				ED9763B229534AB10078EB5E /* Persistence.swift */,
				ED9763B729534AB10078EB5E /* ContentView.swift */,
				ED9763B929534AB40078EB5E /* Assets.xcassets */,
				ED9763BB29534AB40078EB5E /* OpenAI_Playground.entitlements */,
				ED9763B429534AB10078EB5E /* OpenAI_Playground.xcdatamodeld */,
				ED9763BC29534AB40078EB5E /* Preview Content */,
			);
			path = "OpenAI Playground";
			sourceTree = "<group>";
		};
		ED9763BC29534AB40078EB5E /* Preview Content */ = {
			isa = PBXGroup;
			children = (
				ED9763BD29534AB40078EB5E /* Preview Assets.xcassets */,
			);
			path = "Preview Content";
			sourceTree = "<group>";
		};
		ED9763C629534AB40078EB5E /* OpenAI PlaygroundTests */ = {
			isa = PBXGroup;
			children = (
				ED9763C729534AB40078EB5E /* OpenAI_PlaygroundTests.swift */,
			);
			path = "OpenAI PlaygroundTests";
			sourceTree = "<group>";
		};
		ED9763D029534AB40078EB5E /* OpenAI PlaygroundUITests */ = {
			isa = PBXGroup;
			children = (
				ED9763D129534AB40078EB5E /* OpenAI_PlaygroundUITests.swift */,
				ED9763D329534AB40078EB5E /* OpenAI_PlaygroundUITestsLaunchTests.swift */,
			);
			path = "OpenAI PlaygroundUITests";
			sourceTree = "<group>";
		};
/* End PBXGroup section */

/* Begin PBXNativeTarget section */
		ED9763AC29534AB10078EB5E /* OpenAI Playground */ = {
			isa = PBXNativeTarget;
			buildConfigurationList = ED9763D729534AB40078EB5E /* Build configuration list for PBXNativeTarget "OpenAI Playground" */;
			buildPhases = (
				ED9763A929534AB10078EB5E /* Sources */,
				ED9763AA29534AB10078EB5E /* Frameworks */,
				ED9763AB29534AB10078EB5E /* Resources */,
			);
			buildRules = (
			);
			dependencies = (
			);
			name = "OpenAI Playground";
			packageProductDependencies = (
				ED9763E1295351650078EB5E /* OpenAI */,
			);
			productName = "OpenAI Playground";
			productReference = ED9763AD29534AB10078EB5E /* OpenAI Playground.app */;
			productType = "com.apple.product-type.application";
		};
		ED9763C229534AB40078EB5E /* OpenAI PlaygroundTests */ = {
			isa = PBXNativeTarget;
			buildConfigurationList = ED9763DA29534AB40078EB5E /* Build configuration list for PBXNativeTarget "OpenAI PlaygroundTests" */;
			buildPhases = (
				ED9763BF29534AB40078EB5E /* Sources */,
				ED9763C029534AB40078EB5E /* Frameworks */,
				ED9763C129534AB40078EB5E /* Resources */,
			);
			buildRules = (
			);
			dependencies = (
				ED9763C529534AB40078EB5E /* PBXTargetDependency */,
			);
			name = "OpenAI PlaygroundTests";
			productName = "OpenAI PlaygroundTests";
			productReference = ED9763C329534AB40078EB5E /* OpenAI PlaygroundTests.xctest */;
			productType = "com.apple.product-type.bundle.unit-test";
		};
		ED9763CC29534AB40078EB5E /* OpenAI PlaygroundUITests */ = {
			isa = PBXNativeTarget;
			buildConfigurationList = ED9763DD29534AB40078EB5E /* Build configuration list for PBXNativeTarget "OpenAI PlaygroundUITests" */;
			buildPhases = (
				ED9763C929534AB40078EB5E /* Sources */,
				ED9763CA29534AB40078EB5E /* Frameworks */,
				ED9763CB29534AB40078EB5E /* Resources */,
			);
			buildRules = (
			);
			dependencies = (
				ED9763CF29534AB40078EB5E /* PBXTargetDependency */,
			);
			name = "OpenAI PlaygroundUITests";
			productName = "OpenAI PlaygroundUITests";
			productReference = ED9763CD29534AB40078EB5E /* OpenAI PlaygroundUITests.xctest */;
			productType = "com.apple.product-type.bundle.ui-testing";
		};
/* End PBXNativeTarget section */

/* Begin PBXProject section */
		ED9763A529534AB10078EB5E /* Project object */ = {
			isa = PBXProject;
			attributes = {
				BuildIndependentTargetsInParallel = 1;
				LastSwiftUpdateCheck = 1410;
				LastUpgradeCheck = 1410;
				TargetAttributes = {
					ED9763AC29534AB10078EB5E = {
						CreatedOnToolsVersion = 14.1;
					};
					ED9763C229534AB40078EB5E = {
						CreatedOnToolsVersion = 14.1;
						TestTargetID = ED9763AC29534AB10078EB5E;
					};
					ED9763CC29534AB40078EB5E = {
						CreatedOnToolsVersion = 14.1;
						TestTargetID = ED9763AC29534AB10078EB5E;
					};
				};
			};
			buildConfigurationList = ED9763A829534AB10078EB5E /* Build configuration list for PBXProject "OpenAI Playground" */;
			compatibilityVersion = "Xcode 14.0";
			developmentRegion = en;
			hasScannedForEncodings = 0;
			knownRegions = (
				en,
				Base,
			);
			mainGroup = ED9763A429534AB10078EB5E;
			packageReferences = (
				ED9763E0295351650078EB5E /* XCRemoteSwiftPackageReference "OpenAI" */,
			);
			productRefGroup = ED9763AE29534AB10078EB5E /* Products */;
			projectDirPath = "";
			projectRoot = "";
			targets = (
				ED9763AC29534AB10078EB5E /* OpenAI Playground */,
				ED9763C229534AB40078EB5E /* OpenAI PlaygroundTests */,
				ED9763CC29534AB40078EB5E /* OpenAI PlaygroundUITests */,
			);
		};
/* End PBXProject section */

/* Begin PBXResourcesBuildPhase section */
		ED9763AB29534AB10078EB5E /* Resources */ = {
			isa = PBXResourcesBuildPhase;
			buildActionMask = 2147483647;
			files = (
				ED9763BE29534AB40078EB5E /* Preview Assets.xcassets in Resources */,
				ED9763BA29534AB40078EB5E /* Assets.xcassets in Resources */,
			);
			runOnlyForDeploymentPostprocessing = 0;
		};
		ED9763C129534AB40078EB5E /* Resources */ = {
			isa = PBXResourcesBuildPhase;
			buildActionMask = 2147483647;
			files = (
			);
			runOnlyForDeploymentPostprocessing = 0;
		};
		ED9763CB29534AB40078EB5E /* Resources */ = {
			isa = PBXResourcesBuildPhase;
			buildActionMask = 2147483647;
			files = (
			);
			runOnlyForDeploymentPostprocessing = 0;
		};
/* End PBXResourcesBuildPhase section */

/* Begin PBXSourcesBuildPhase section */
		ED9763A929534AB10078EB5E /* Sources */ = {
			isa = PBXSourcesBuildPhase;
			buildActionMask = 2147483647;
			files = (
				ED9763B129534AB10078EB5E /* OpenAI_PlaygroundApp.swift in Sources */,
				ED9763B629534AB10078EB5E /* OpenAI_Playground.xcdatamodeld in Sources */,
				ED9763B829534AB10078EB5E /* ContentView.swift in Sources */,
				ED9763B329534AB10078EB5E /* Persistence.swift in Sources */,
			);
			runOnlyForDeploymentPostprocessing = 0;
		};
		ED9763BF29534AB40078EB5E /* Sources */ = {
			isa = PBXSourcesBuildPhase;
			buildActionMask = 2147483647;
			files = (
				ED9763C829534AB40078EB5E /* OpenAI_PlaygroundTests.swift in Sources */,
			);
			runOnlyForDeploymentPostprocessing = 0;
		};
		ED9763C929534AB40078EB5E /* Sources */ = {
			isa = PBXSourcesBuildPhase;
			buildActionMask = 2147483647;
			files = (
				ED9763D229534AB40078EB5E /* OpenAI_PlaygroundUITests.swift in Sources */,
				ED9763D429534AB40078EB5E /* OpenAI_PlaygroundUITestsLaunchTests.swift in Sources */,
			);
			runOnlyForDeploymentPostprocessing = 0;
		};
/* End PBXSourcesBuildPhase section */

/* Begin PBXTargetDependency section */
		ED9763C529534AB40078EB5E /* PBXTargetDependency */ = {
			isa = PBXTargetDependency;
			target = ED9763AC29534AB10078EB5E /* OpenAI Playground */;
			targetProxy = ED9763C429534AB40078EB5E /* PBXContainerItemProxy */;
		};
		ED9763CF29534AB40078EB5E /* PBXTargetDependency */ = {
			isa = PBXTargetDependency;
			target = ED9763AC29534AB10078EB5E /* OpenAI Playground */;
			targetProxy = ED9763CE29534AB40078EB5E /* PBXContainerItemProxy */;
		};
/* End PBXTargetDependency section */

/* Begin XCBuildConfiguration section */
		ED9763D529534AB40078EB5E /* Debug */ = {
			isa = XCBuildConfiguration;
			buildSettings = {
				ALWAYS_SEARCH_USER_PATHS = NO;
				CLANG_ANALYZER_NONNULL = YES;
				CLANG_ANALYZER_NUMBER_OBJECT_CONVERSION = YES_AGGRESSIVE;
				CLANG_CXX_LANGUAGE_STANDARD = "gnu++20";
				CLANG_ENABLE_MODULES = YES;
				CLANG_ENABLE_OBJC_ARC = YES;
				CLANG_ENABLE_OBJC_WEAK = YES;
				CLANG_WARN_BLOCK_CAPTURE_AUTORELEASING = YES;
				CLANG_WARN_BOOL_CONVERSION = YES;
				CLANG_WARN_COMMA = YES;
				CLANG_WARN_CONSTANT_CONVERSION = YES;
				CLANG_WARN_DEPRECATED_OBJC_IMPLEMENTATIONS = YES;
				CLANG_WARN_DIRECT_OBJC_ISA_USAGE = YES_ERROR;
				CLANG_WARN_DOCUMENTATION_COMMENTS = YES;
				CLANG_WARN_EMPTY_BODY = YES;
				CLANG_WARN_ENUM_CONVERSION = YES;
				CLANG_WARN_INFINITE_RECURSION = YES;
				CLANG_WARN_INT_CONVERSION = YES;
				CLANG_WARN_NON_LITERAL_NULL_CONVERSION = YES;
				CLANG_WARN_OBJC_IMPLICIT_RETAIN_SELF = YES;
				CLANG_WARN_OBJC_LITERAL_CONVERSION = YES;
				CLANG_WARN_OBJC_ROOT_CLASS = YES_ERROR;
				CLANG_WARN_QUOTED_INCLUDE_IN_FRAMEWORK_HEADER = YES;
				CLANG_WARN_RANGE_LOOP_ANALYSIS = YES;
				CLANG_WARN_STRICT_PROTOTYPES = YES;
				CLANG_WARN_SUSPICIOUS_MOVE = YES;
				CLANG_WARN_UNGUARDED_AVAILABILITY = YES_AGGRESSIVE;
				CLANG_WARN_UNREACHABLE_CODE = YES;
				CLANG_WARN__DUPLICATE_METHOD_MATCH = YES;
				COPY_PHASE_STRIP = NO;
				DEBUG_INFORMATION_FORMAT = dwarf;
				ENABLE_STRICT_OBJC_MSGSEND = YES;
				ENABLE_TESTABILITY = YES;
				GCC_C_LANGUAGE_STANDARD = gnu11;
				GCC_DYNAMIC_NO_PIC = NO;
				GCC_NO_COMMON_BLOCKS = YES;
				GCC_OPTIMIZATION_LEVEL = 0;
				GCC_PREPROCESSOR_DEFINITIONS = (
					"DEBUG=1",
					"$(inherited)",
				);
				GCC_WARN_64_TO_32_BIT_CONVERSION = YES;
				GCC_WARN_ABOUT_RETURN_TYPE = YES_ERROR;
				GCC_WARN_UNDECLARED_SELECTOR = YES;
				GCC_WARN_UNINITIALIZED_AUTOS = YES_AGGRESSIVE;
				GCC_WARN_UNUSED_FUNCTION = YES;
				GCC_WARN_UNUSED_VARIABLE = YES;
				MTL_ENABLE_DEBUG_INFO = INCLUDE_SOURCE;
				MTL_FAST_MATH = YES;
				ONLY_ACTIVE_ARCH = YES;
				SWIFT_ACTIVE_COMPILATION_CONDITIONS = DEBUG;
				SWIFT_OPTIMIZATION_LEVEL = "-Onone";
			};
			name = Debug;
		};
		ED9763D629534AB40078EB5E /* Release */ = {
			isa = XCBuildConfiguration;
			buildSettings = {
				ALWAYS_SEARCH_USER_PATHS = NO;
				CLANG_ANALYZER_NONNULL = YES;
				CLANG_ANALYZER_NUMBER_OBJECT_CONVERSION = YES_AGGRESSIVE;
				CLANG_CXX_LANGUAGE_STANDARD = "gnu++20";
				CLANG_ENABLE_MODULES = YES;
				CLANG_ENABLE_OBJC_ARC = YES;
				CLANG_ENABLE_OBJC_WEAK = YES;
				CLANG_WARN_BLOCK_CAPTURE_AUTORELEASING = YES;
				CLANG_WARN_BOOL_CONVERSION = YES;
				CLANG_WARN_COMMA = YES;
				CLANG_WARN_CONSTANT_CONVERSION = YES;
				CLANG_WARN_DEPRECATED_OBJC_IMPLEMENTATIONS = YES;
				CLANG_WARN_DIRECT_OBJC_ISA_USAGE = YES_ERROR;
				CLANG_WARN_DOCUMENTATION_COMMENTS = YES;
				CLANG_WARN_EMPTY_BODY = YES;
				CLANG_WARN_ENUM_CONVERSION = YES;
				CLANG_WARN_INFINITE_RECURSION = YES;
				CLANG_WARN_INT_CONVERSION = YES;
				CLANG_WARN_NON_LITERAL_NULL_CONVERSION = YES;
				CLANG_WARN_OBJC_IMPLICIT_RETAIN_SELF = YES;
				CLANG_WARN_OBJC_LITERAL_CONVERSION = YES;
				CLANG_WARN_OBJC_ROOT_CLASS = YES_ERROR;
				CLANG_WARN_QUOTED_INCLUDE_IN_FRAMEWORK_HEADER = YES;
				CLANG_WARN_RANGE_LOOP_ANALYSIS = YES;
				CLANG_WARN_STRICT_PROTOTYPES = YES;
				CLANG_WARN_SUSPICIOUS_MOVE = YES;
				CLANG_WARN_UNGUARDED_AVAILABILITY = YES_AGGRESSIVE;
				CLANG_WARN_UNREACHABLE_CODE = YES;
				CLANG_WARN__DUPLICATE_METHOD_MATCH = YES;
				COPY_PHASE_STRIP = NO;
				DEBUG_INFORMATION_FORMAT = "dwarf-with-dsym";
				ENABLE_NS_ASSERTIONS = NO;
				ENABLE_STRICT_OBJC_MSGSEND = YES;
				GCC_C_LANGUAGE_STANDARD = gnu11;
				GCC_NO_COMMON_BLOCKS = YES;
				GCC_WARN_64_TO_32_BIT_CONVERSION = YES;
				GCC_WARN_ABOUT_RETURN_TYPE = YES_ERROR;
				GCC_WARN_UNDECLARED_SELECTOR = YES;
				GCC_WARN_UNINITIALIZED_AUTOS = YES_AGGRESSIVE;
				GCC_WARN_UNUSED_FUNCTION = YES;
				GCC_WARN_UNUSED_VARIABLE = YES;
				MTL_ENABLE_DEBUG_INFO = NO;
				MTL_FAST_MATH = YES;
				SWIFT_COMPILATION_MODE = wholemodule;
				SWIFT_OPTIMIZATION_LEVEL = "-O";
			};
			name = Release;
		};
		ED9763D829534AB40078EB5E /* Debug */ = {
			isa = XCBuildConfiguration;
			buildSettings = {
				ASSETCATALOG_COMPILER_APPICON_NAME = AppIcon;
				ASSETCATALOG_COMPILER_GLOBAL_ACCENT_COLOR_NAME = AccentColor;
				CODE_SIGN_ENTITLEMENTS = "OpenAI Playground/OpenAI_Playground.entitlements";
				CODE_SIGN_STYLE = Automatic;
				CURRENT_PROJECT_VERSION = 1;
				DEVELOPMENT_ASSET_PATHS = "\"OpenAI Playground/Preview Content\"";
				DEVELOPMENT_TEAM = 4VYV5C3L3Y;
				ENABLE_HARDENED_RUNTIME = YES;
				ENABLE_PREVIEWS = YES;
				GENERATE_INFOPLIST_FILE = YES;
				"INFOPLIST_KEY_UIApplicationSceneManifest_Generation[sdk=iphoneos*]" = YES;
				"INFOPLIST_KEY_UIApplicationSceneManifest_Generation[sdk=iphonesimulator*]" = YES;
				"INFOPLIST_KEY_UIApplicationSupportsIndirectInputEvents[sdk=iphoneos*]" = YES;
				"INFOPLIST_KEY_UIApplicationSupportsIndirectInputEvents[sdk=iphonesimulator*]" = YES;
				"INFOPLIST_KEY_UILaunchScreen_Generation[sdk=iphoneos*]" = YES;
				"INFOPLIST_KEY_UILaunchScreen_Generation[sdk=iphonesimulator*]" = YES;
				"INFOPLIST_KEY_UIStatusBarStyle[sdk=iphoneos*]" = UIStatusBarStyleDefault;
				"INFOPLIST_KEY_UIStatusBarStyle[sdk=iphonesimulator*]" = UIStatusBarStyleDefault;
				INFOPLIST_KEY_UISupportedInterfaceOrientations_iPad = "UIInterfaceOrientationPortrait UIInterfaceOrientationPortraitUpsideDown UIInterfaceOrientationLandscapeLeft UIInterfaceOrientationLandscapeRight";
				INFOPLIST_KEY_UISupportedInterfaceOrientations_iPhone = "UIInterfaceOrientationPortrait UIInterfaceOrientationLandscapeLeft UIInterfaceOrientationLandscapeRight";
				IPHONEOS_DEPLOYMENT_TARGET = 16.1;
				LD_RUNPATH_SEARCH_PATHS = "@executable_path/Frameworks";
				"LD_RUNPATH_SEARCH_PATHS[sdk=macosx*]" = "@executable_path/../Frameworks";
				MACOSX_DEPLOYMENT_TARGET = 13.0;
				MARKETING_VERSION = 1.0;
				PRODUCT_BUNDLE_IDENTIFIER = "com.michelstorms.www.OpenAI-Playground";
				PRODUCT_NAME = "$(TARGET_NAME)";
				SDKROOT = auto;
				SUPPORTED_PLATFORMS = "iphoneos iphonesimulator macosx";
				SWIFT_EMIT_LOC_STRINGS = YES;
				SWIFT_VERSION = 5.0;
				TARGETED_DEVICE_FAMILY = "1,2";
			};
			name = Debug;
		};
		ED9763D929534AB40078EB5E /* Release */ = {
			isa = XCBuildConfiguration;
			buildSettings = {
				ASSETCATALOG_COMPILER_APPICON_NAME = AppIcon;
				ASSETCATALOG_COMPILER_GLOBAL_ACCENT_COLOR_NAME = AccentColor;
				CODE_SIGN_ENTITLEMENTS = "OpenAI Playground/OpenAI_Playground.entitlements";
				CODE_SIGN_STYLE = Automatic;
				CURRENT_PROJECT_VERSION = 1;
				DEVELOPMENT_ASSET_PATHS = "\"OpenAI Playground/Preview Content\"";
				DEVELOPMENT_TEAM = 4VYV5C3L3Y;
				ENABLE_HARDENED_RUNTIME = YES;
				ENABLE_PREVIEWS = YES;
				GENERATE_INFOPLIST_FILE = YES;
				"INFOPLIST_KEY_UIApplicationSceneManifest_Generation[sdk=iphoneos*]" = YES;
				"INFOPLIST_KEY_UIApplicationSceneManifest_Generation[sdk=iphonesimulator*]" = YES;
				"INFOPLIST_KEY_UIApplicationSupportsIndirectInputEvents[sdk=iphoneos*]" = YES;
				"INFOPLIST_KEY_UIApplicationSupportsIndirectInputEvents[sdk=iphonesimulator*]" = YES;
				"INFOPLIST_KEY_UILaunchScreen_Generation[sdk=iphoneos*]" = YES;
				"INFOPLIST_KEY_UILaunchScreen_Generation[sdk=iphonesimulator*]" = YES;
				"INFOPLIST_KEY_UIStatusBarStyle[sdk=iphoneos*]" = UIStatusBarStyleDefault;
				"INFOPLIST_KEY_UIStatusBarStyle[sdk=iphonesimulator*]" = UIStatusBarStyleDefault;
				INFOPLIST_KEY_UISupportedInterfaceOrientations_iPad = "UIInterfaceOrientationPortrait UIInterfaceOrientationPortraitUpsideDown UIInterfaceOrientationLandscapeLeft UIInterfaceOrientationLandscapeRight";
				INFOPLIST_KEY_UISupportedInterfaceOrientations_iPhone = "UIInterfaceOrientationPortrait UIInterfaceOrientationLandscapeLeft UIInterfaceOrientationLandscapeRight";
				IPHONEOS_DEPLOYMENT_TARGET = 16.1;
				LD_RUNPATH_SEARCH_PATHS = "@executable_path/Frameworks";
				"LD_RUNPATH_SEARCH_PATHS[sdk=macosx*]" = "@executable_path/../Frameworks";
				MACOSX_DEPLOYMENT_TARGET = 13.0;
				MARKETING_VERSION = 1.0;
				PRODUCT_BUNDLE_IDENTIFIER = "com.michelstorms.www.OpenAI-Playground";
				PRODUCT_NAME = "$(TARGET_NAME)";
				SDKROOT = auto;
				SUPPORTED_PLATFORMS = "iphoneos iphonesimulator macosx";
				SWIFT_EMIT_LOC_STRINGS = YES;
				SWIFT_VERSION = 5.0;
				TARGETED_DEVICE_FAMILY = "1,2";
			};
			name = Release;
		};
		ED9763DB29534AB40078EB5E /* Debug */ = {
			isa = XCBuildConfiguration;
			buildSettings = {
				ALWAYS_EMBED_SWIFT_STANDARD_LIBRARIES = YES;
				BUNDLE_LOADER = "$(TEST_HOST)";
				CODE_SIGN_STYLE = Automatic;
				CURRENT_PROJECT_VERSION = 1;
				DEVELOPMENT_TEAM = 4VYV5C3L3Y;
				GENERATE_INFOPLIST_FILE = YES;
				IPHONEOS_DEPLOYMENT_TARGET = 16.1;
				MACOSX_DEPLOYMENT_TARGET = 13.0;
				MARKETING_VERSION = 1.0;
				PRODUCT_BUNDLE_IDENTIFIER = "com.michelstorms.www.OpenAI-PlaygroundTests";
				PRODUCT_NAME = "$(TARGET_NAME)";
				SDKROOT = auto;
				SUPPORTED_PLATFORMS = "iphoneos iphonesimulator macosx";
				SWIFT_EMIT_LOC_STRINGS = NO;
				SWIFT_VERSION = 5.0;
				TARGETED_DEVICE_FAMILY = "1,2";
				TEST_HOST = "$(BUILT_PRODUCTS_DIR)/OpenAI Playground.app/$(BUNDLE_EXECUTABLE_FOLDER_PATH)/OpenAI Playground";
			};
			name = Debug;
		};
		ED9763DC29534AB40078EB5E /* Release */ = {
			isa = XCBuildConfiguration;
			buildSettings = {
				ALWAYS_EMBED_SWIFT_STANDARD_LIBRARIES = YES;
				BUNDLE_LOADER = "$(TEST_HOST)";
				CODE_SIGN_STYLE = Automatic;
				CURRENT_PROJECT_VERSION = 1;
				DEVELOPMENT_TEAM = 4VYV5C3L3Y;
				GENERATE_INFOPLIST_FILE = YES;
				IPHONEOS_DEPLOYMENT_TARGET = 16.1;
				MACOSX_DEPLOYMENT_TARGET = 13.0;
				MARKETING_VERSION = 1.0;
				PRODUCT_BUNDLE_IDENTIFIER = "com.michelstorms.www.OpenAI-PlaygroundTests";
				PRODUCT_NAME = "$(TARGET_NAME)";
				SDKROOT = auto;
				SUPPORTED_PLATFORMS = "iphoneos iphonesimulator macosx";
				SWIFT_EMIT_LOC_STRINGS = NO;
				SWIFT_VERSION = 5.0;
				TARGETED_DEVICE_FAMILY = "1,2";
				TEST_HOST = "$(BUILT_PRODUCTS_DIR)/OpenAI Playground.app/$(BUNDLE_EXECUTABLE_FOLDER_PATH)/OpenAI Playground";
			};
			name = Release;
		};
		ED9763DE29534AB40078EB5E /* Debug */ = {
			isa = XCBuildConfiguration;
			buildSettings = {
				ALWAYS_EMBED_SWIFT_STANDARD_LIBRARIES = YES;
				CODE_SIGN_STYLE = Automatic;
				CURRENT_PROJECT_VERSION = 1;
				DEVELOPMENT_TEAM = 4VYV5C3L3Y;
				GENERATE_INFOPLIST_FILE = YES;
				IPHONEOS_DEPLOYMENT_TARGET = 16.1;
				MACOSX_DEPLOYMENT_TARGET = 13.0;
				MARKETING_VERSION = 1.0;
				PRODUCT_BUNDLE_IDENTIFIER = "com.michelstorms.www.OpenAI-PlaygroundUITests";
				PRODUCT_NAME = "$(TARGET_NAME)";
				SDKROOT = auto;
				SUPPORTED_PLATFORMS = "iphoneos iphonesimulator macosx";
				SWIFT_EMIT_LOC_STRINGS = NO;
				SWIFT_VERSION = 5.0;
				TARGETED_DEVICE_FAMILY = "1,2";
				TEST_TARGET_NAME = "OpenAI Playground";
			};
			name = Debug;
		};
		ED9763DF29534AB40078EB5E /* Release */ = {
			isa = XCBuildConfiguration;
			buildSettings = {
				ALWAYS_EMBED_SWIFT_STANDARD_LIBRARIES = YES;
				CODE_SIGN_STYLE = Automatic;
				CURRENT_PROJECT_VERSION = 1;
				DEVELOPMENT_TEAM = 4VYV5C3L3Y;
				GENERATE_INFOPLIST_FILE = YES;
				IPHONEOS_DEPLOYMENT_TARGET = 16.1;
				MACOSX_DEPLOYMENT_TARGET = 13.0;
				MARKETING_VERSION = 1.0;
				PRODUCT_BUNDLE_IDENTIFIER = "com.michelstorms.www.OpenAI-PlaygroundUITests";
				PRODUCT_NAME = "$(TARGET_NAME)";
				SDKROOT = auto;
				SUPPORTED_PLATFORMS = "iphoneos iphonesimulator macosx";
				SWIFT_EMIT_LOC_STRINGS = NO;
				SWIFT_VERSION = 5.0;
				TARGETED_DEVICE_FAMILY = "1,2";
				TEST_TARGET_NAME = "OpenAI Playground";
			};
			name = Release;
		};
/* End XCBuildConfiguration section */

/* Begin XCConfigurationList section */
		ED9763A829534AB10078EB5E /* Build configuration list for PBXProject "OpenAI Playground" */ = {
			isa = XCConfigurationList;
			buildConfigurations = (
				ED9763D529534AB40078EB5E /* Debug */,
				ED9763D629534AB40078EB5E /* Release */,
			);
			defaultConfigurationIsVisible = 0;
			defaultConfigurationName = Release;
		};
		ED9763D729534AB40078EB5E /* Build configuration list for PBXNativeTarget "OpenAI Playground" */ = {
			isa = XCConfigurationList;
			buildConfigurations = (
				ED9763D829534AB40078EB5E /* Debug */,
				ED9763D929534AB40078EB5E /* Release */,
			);
			defaultConfigurationIsVisible = 0;
			defaultConfigurationName = Release;
		};
		ED9763DA29534AB40078EB5E /* Build configuration list for PBXNativeTarget "OpenAI PlaygroundTests" */ = {
			isa = XCConfigurationList;
			buildConfigurations = (
				ED9763DB29534AB40078EB5E /* Debug */,
				ED9763DC29534AB40078EB5E /* Release */,
			);
			defaultConfigurationIsVisible = 0;
			defaultConfigurationName = Release;
		};
		ED9763DD29534AB40078EB5E /* Build configuration list for PBXNativeTarget "OpenAI PlaygroundUITests" */ = {
			isa = XCConfigurationList;
			buildConfigurations = (
				ED9763DE29534AB40078EB5E /* Debug */,
				ED9763DF29534AB40078EB5E /* Release */,
			);
			defaultConfigurationIsVisible = 0;
			defaultConfigurationName = Release;
		};
/* End XCConfigurationList section */

/* Begin XCRemoteSwiftPackageReference section */
		ED9763E0295351650078EB5E /* XCRemoteSwiftPackageReference "OpenAI" */ = {
			isa = XCRemoteSwiftPackageReference;
			repositoryURL = "https://github.com/stormychel/OpenAI";
			requirement = {
				branch = main;
				kind = branch;
			};
		};
/* End XCRemoteSwiftPackageReference section */

/* Begin XCSwiftPackageProductDependency section */
		ED9763E1295351650078EB5E /* OpenAI */ = {
			isa = XCSwiftPackageProductDependency;
			package = ED9763E0295351650078EB5E /* XCRemoteSwiftPackageReference "OpenAI" */;
			productName = OpenAI;
		};
/* End XCSwiftPackageProductDependency section */

/* Begin XCVersionGroup section */
		ED9763B429534AB10078EB5E /* OpenAI_Playground.xcdatamodeld */ = {
			isa = XCVersionGroup;
			children = (
				ED9763B529534AB10078EB5E /* OpenAI_Playground.xcdatamodel */,
			);
			currentVersion = ED9763B529534AB10078EB5E /* OpenAI_Playground.xcdatamodel */;
			path = OpenAI_Playground.xcdatamodeld;
			sourceTree = "<group>";
			versionGroupType = wrapper.xcdatamodel;
		};
/* End XCVersionGroup section */
	};
	rootObject = ED9763A529534AB10078EB5E /* Project object */;
}
